{
  "pins" : [
    {
      "identity" : "objectmapper",
      "kind" : "remoteSourceControl",
      "location" : "https://github.com/tristanhimmelman/ObjectMapper.git",
      "state" : {
        "revision" : "0b96a734de3ea1c87374ae677064f86adb0716ec",
        "version" : "4.2.0"
      }
    },
    {
      "identity" : "paypal-ios",
      "kind" : "remoteSourceControl",
      "location" : "https://github.com/paypal/paypal-ios/",
      "state" : {
        "revision" : "29307dec8c267d85aac89b19c433ee357c50b038",
        "version" : "1.1.0"
      }
    },
    {
      "identity" : "stripe-ios-spm",
      "kind" : "remoteSourceControl",
      "location" : "https://github.com/stripe/stripe-ios-spm",
      "state" : {
        "revision" : "41c7583f2840544bd616c2594344002480e32a66",
        "version" : "23.22.0"
      }
    },
    {
      "identity" : "svprogresshud",
      "kind" : "remoteSourceControl",
      "location" : "https://github.com/SVProgressHUD/SVProgressHUD.git",
      "state" : {
        "revision" : "c33f7c775ba7feea6047a1fc3257f2e5863b44f7",
        "version" : "2.3.1"
      }
    }
  ],
  "version" : 2
}
